
Microsoft Visual Studio Solution File, Format Version 12.00
# Visual Studio Version 17
VisualStudioVersion = 17.8.34525.116
MinimumVisualStudioVersion = 10.0.40219.1
Project("{FAE04EC0-301F-11D3-BF4B-00C04F79EFBC}") = "impar", "impar\impar.csproj", "{BE6E3D11-1B36-4B4C-AF80-1CF753B69249}"
EndProject
Global
	GlobalSection(SolutionConfigurationPlatforms) = preSolution
		Debug|Any CPU = Debug|Any CPU
		Release|Any CPU = Release|Any CPU
	EndGlobalSection
	GlobalSection(ProjectConfigurationPlatforms) = postSolution
		{BE6E3D11-1B36-4B4C-AF80-1CF753B69249}.Debug|Any CPU.ActiveCfg = Debug|Any CPU
		{BE6E3D11-1B36-4B4C-AF80-1CF753B69249}.Debug|Any CPU.Build.0 = Debug|Any CPU
		{BE6E3D11-1B36-4B4C-AF80-1CF753B69249}.Release|Any CPU.ActiveCfg = Release|Any CPU
		{BE6E3D11-1B36-4B4C-AF80-1CF753B69249}.Release|Any CPU.Build.0 = Release|Any CPU
	EndGlobalSection
	GlobalSection(SolutionProperties) = preSolution
		HideSolutionNode = FALSE
	EndGlobalSection
	GlobalSection(ExtensibilityGlobals) = postSolution
		SolutionGuid = {B048BB4D-D1FD-4404-AD51-9324B3ABD8B6}
	EndGlobalSection
EndGlobal
